{
  "name": "bf6-portal-sdk-docs",
  "version": "1.0.0",
  "lockfileVersion": 3,
  "requires": true,
  "packages": {
    "": {
      "name": "bf6-portal-sdk-docs",
      "version": "1.0.0",
      "devDependencies": {
        "@types/node": "^26.6.2",
        "bf6-portal-mod-types": "4.3.0",
        "bf6-portal-utils": "9.4.0",
        "typescript": "^5.6.0"
      },
      "engines": {
        "node": ">=22.18.0"
      }
    },
    "node_modules/@types/node": {
      "version": "26.6.2",
      "resolved": "https://registry.npmjs.org/@types/node/-/node-26.6.2.tgz",
      "integrity": "sha512-X1P21scMv4zGKLYqjdGjaKa7COa0RKVYYZZN/NfvLQ1JegxFhdhpZG/Lyn8AXx6CDUavKAd11v6BvfpkDByK8g==",
      "dev": true,
      "license": "MIT",
      "dependencies": {
        "undici-types": "~8.9.0"
      }
    },
    "node_modules/bf6-portal-mod-types": {
      "version": "4.3.0",
      "resolved": "https://registry.npmjs.org/bf6-portal-mod-types/-/bf6-portal-mod-types-4.3.0.tgz",
      "integrity": "sha512-06OxQNfbUXfY+XrILqSzH5BaFonXDs2Snw3F3jI5XR9RDvneyF5xkghQwapiMCww3ix8r2DRC9i30ztHwXMDEA==",
      "dev": true,
      "license": "MIT",
      "engines": {
        "node": ">=23.0.0"
      }
    },
    "node_modules/bf6-portal-utils": {
      "version": "9.4.0",
      "resolved": "https://registry.npmjs.org/bf6-portal-utils/-/bf6-portal-utils-9.4.0.tgz",
      "integrity": "sha512-0IVyBsTQ7vkRqchGEiEyEZOKtbvwJwz8tFhHs3+d505oI/reTDYpv7Jh4v+xdSpJV9vU236zy049iZ8klMuw4Q==",
      "dev": true,
      "license": "MIT",
      "engines": {
        "node": ">=24.0.0"
      }
    },
    "node_modules/typescript": {
      "version": "5.9.3",
      "resolved": "https://registry.npmjs.org/typescript/-/typescript-5.9.3.tgz",
      "integrity": "sha512-jl1vZzPDinLr9eUt3J/t7V6FgNEw9QjvBPdysz9KfQDD41fQrC2Y4vKQdiaUpFT4bXlb1RHhLpp8wtm6M5TgSw==",
      "dev": true,
      "license": "Apache-2.0",
      "bin": {
        "tsc": "bin/tsc",
        "tsserver": "bin/tsserver"
      },
      "engines": {
        "node": ">=14.17"
      }
    },
    "node_modules/undici-types": {
      "version": "8.9.0",
      "resolved": "https://registry.npmjs.org/undici-types/-/undici-types-8.9.0.tgz",
      "integrity": "sha512-KTDyRTYX8sWmKXAikPHHSyc63CRPETMctyjKFupcC6OBLXT3xsN0e9aF7m+mIXutFWpUXuedtowG7iLOzp0kQg==",
      "dev": true,
      "license": "MIT"
    }
  }
}
